
Microsoft Visual Studio Solution File, Format Version 12.00
# Visual Studio 14
VisualStudioVersion = 14.0.25420.1
MinimumVisualStudioVersion = 10.0.40219.1
Project("{FAE04EC0-301F-11D3-BF4B-00C04F79EFBC}") = "LemonadeStand", "LemonadeStand\LemonadeStand.csproj", "{89504AA8-B287-4CAF-A296-2D8DC2A01605}"
EndProject
Project("{F088123C-0E9E-452A-89E6-6BA2F21D5CAC}") = "LemonadeStandDiagram", "LemonadeStandDiagram\LemonadeStandDiagram.modelproj", "{D6C61571-C918-42EF-9422-B0D1A8C6F0DC}"
EndProject
Global
	GlobalSection(SolutionConfigurationPlatforms) = preSolution
		Debug|Any CPU = Debug|Any CPU
		Release|Any CPU = Release|Any CPU
	EndGlobalSection
	GlobalSection(ProjectConfigurationPlatforms) = postSolution
		{89504AA8-B287-4CAF-A296-2D8DC2A01605}.Debug|Any CPU.ActiveCfg = Debug|Any CPU
		{89504AA8-B287-4CAF-A296-2D8DC2A01605}.Debug|Any CPU.Build.0 = Debug|Any CPU
		{89504AA8-B287-4CAF-A296-2D8DC2A01605}.Release|Any CPU.ActiveCfg = Release|Any CPU
		{89504AA8-B287-4CAF-A296-2D8DC2A01605}.Release|Any CPU.Build.0 = Release|Any CPU
		{D6C61571-C918-42EF-9422-B0D1A8C6F0DC}.Debug|Any CPU.ActiveCfg = Debug|Any CPU
		{D6C61571-C918-42EF-9422-B0D1A8C6F0DC}.Debug|Any CPU.Build.0 = Debug|Any CPU
		{D6C61571-C918-42EF-9422-B0D1A8C6F0DC}.Release|Any CPU.ActiveCfg = Release|Any CPU
		{D6C61571-C918-42EF-9422-B0D1A8C6F0DC}.Release|Any CPU.Build.0 = Release|Any CPU
	EndGlobalSection
	GlobalSection(SolutionProperties) = preSolution
		HideSolutionNode = FALSE
	EndGlobalSection
EndGlobal
